
Microsoft Visual Studio Solution File, Format Version 12.00
# Visual Studio Version 17
VisualStudioVersion = 17.0.31903.59
MinimumVisualStudioVersion = 10.0.40219.1
Project("{FAE04EC0-301F-11D3-BF4B-00C04F79EFBC}") = "WeatherToday", "WeatherToday\WeatherToday.csproj", "{1F75BBE1-FF91-413C-A3CB-3355448C2B38}"
EndProject
Project("{FAE04EC0-301F-11D3-BF4B-00C04F79EFBC}") = "WeatherToday.Test", "WeatherToday.Test\WeatherToday.Test.csproj", "{F3FF66E9-BE51-42FF-A1A3-19211353FC7E}"
EndProject
Global
	GlobalSection(SolutionConfigurationPlatforms) = preSolution
		Debug|Any CPU = Debug|Any CPU
		Release|Any CPU = Release|Any CPU
	EndGlobalSection
	GlobalSection(SolutionProperties) = preSolution
		HideSolutionNode = FALSE
	EndGlobalSection
	GlobalSection(ProjectConfigurationPlatforms) = postSolution
		{1F75BBE1-FF91-413C-A3CB-3355448C2B38}.Debug|Any CPU.ActiveCfg = Debug|Any CPU
		{1F75BBE1-FF91-413C-A3CB-3355448C2B38}.Debug|Any CPU.Build.0 = Debug|Any CPU
		{1F75BBE1-FF91-413C-A3CB-3355448C2B38}.Release|Any CPU.ActiveCfg = Release|Any CPU
		{1F75BBE1-FF91-413C-A3CB-3355448C2B38}.Release|Any CPU.Build.0 = Release|Any CPU
		{F3FF66E9-BE51-42FF-A1A3-19211353FC7E}.Debug|Any CPU.ActiveCfg = Debug|Any CPU
		{F3FF66E9-BE51-42FF-A1A3-19211353FC7E}.Debug|Any CPU.Build.0 = Debug|Any CPU
		{F3FF66E9-BE51-42FF-A1A3-19211353FC7E}.Release|Any CPU.ActiveCfg = Release|Any CPU
		{F3FF66E9-BE51-42FF-A1A3-19211353FC7E}.Release|Any CPU.Build.0 = Release|Any CPU
	EndGlobalSection
EndGlobal
